// !$*UTF8*$!
{
	archiveVersion = 1;
	classes = {
	};
	objectVersion = 55;
	objects = {

/* Begin PBXBuildFile section */
		5FAFBCE1274A8FED007680C6 /* AppDelegate.m in Sources */ = {isa = PBXBuildFile; fileRef = 5FAFBCE0274A8FED007680C6 /* AppDelegate.m */; };
		5FAFBCE4274A8FED007680C6 /* SceneDelegate.m in Sources */ = {isa = PBXBuildFile; fileRef = 5FAFBCE3274A8FED007680C6 /* SceneDelegate.m */; };
		5FAFBCE7274A8FED007680C6 /* ViewController.m in Sources */ = {isa = PBXBuildFile; fileRef = 5FAFBCE6274A8FED007680C6 /* ViewController.m */; };
		5FAFBCEA274A8FED007680C6 /* Main.storyboard in Resources */ = {isa = PBXBuildFile; fileRef = 5FAFBCE8274A8FED007680C6 /* Main.storyboard */; };
		5FAFBCEC274A8FEE007680C6 /* Assets.xcassets in Resources */ = {isa = PBXBuildFile; fileRef = 5FAFBCEB274A8FEE007680C6 /* Assets.xcassets */; };
		5FAFBCEF274A8FEE007680C6 /* LaunchScreen.storyboard in Resources */ = {isa = PBXBuildFile; fileRef = 5FAFBCED274A8FEE007680C6 /* LaunchScreen.storyboard */; };
		5FAFBCF2274A8FEE007680C6 /* main.m in Sources */ = {isa = PBXBuildFile; fileRef = 5FAFBCF1274A8FEE007680C6 /* main.m */; };
		5FAFBD0A274A9020007680C6 /* WJIDCardViewController.m in Sources */ = {isa = PBXBuildFile; fileRef = 5FAFBCFA274A9020007680C6 /* WJIDCardViewController.m */; };
		5FAFBD0B274A9020007680C6 /* WJCapture.m in Sources */ = {isa = PBXBuildFile; fileRef = 5FAFBCFB274A9020007680C6 /* WJCapture.m */; };
		5FAFBD0C274A9020007680C6 /* WJIDInfo.m in Sources */ = {isa = PBXBuildFile; fileRef = 5FAFBCFC274A9020007680C6 /* WJIDInfo.m */; };
		5FAFBD0D274A9020007680C6 /* WJScanIDCardManager.m in Sources */ = {isa = PBXBuildFile; fileRef = 5FAFBCFE274A9020007680C6 /* WJScanIDCardManager.m */; };
		5FAFBD0E274A9020007680C6 /* WJBlastWaveCameraView.m in Sources */ = {isa = PBXBuildFile; fileRef = 5FAFBD02274A9020007680C6 /* WJBlastWaveCameraView.m */; };
		5FAFBD0F274A9020007680C6 /* libexidcardios.a in Frameworks */ = {isa = PBXBuildFile; fileRef = 5FAFBD06274A9020007680C6 /* libexidcardios.a */; };
		5FAFBD16274A931F007680C6 /* UIImage+WJExtension.m in Sources */ = {isa = PBXBuildFile; fileRef = 5FAFBD12274A931F007680C6 /* UIImage+WJExtension.m */; };
		5FCA14AA2989718F00EADFD3 /* zocr0.lib in Resources */ = {isa = PBXBuildFile; fileRef = 5FAFBD07274A9020007680C6 /* zocr0.lib */; };
/* End PBXBuildFile section */

/* Begin PBXFileReference section */
		5FAFBCDC274A8FED007680C6 /* IDCard.app */ = {isa = PBXFileReference; explicitFileType = wrapper.application; includeInIndex = 0; path = IDCard.app; sourceTree = BUILT_PRODUCTS_DIR; };
		5FAFBCDF274A8FED007680C6 /* AppDelegate.h */ = {isa = PBXFileReference; lastKnownFileType = sourcecode.c.h; path = AppDelegate.h; sourceTree = "<group>"; };
		5FAFBCE0274A8FED007680C6 /* AppDelegate.m */ = {isa = PBXFileReference; lastKnownFileType = sourcecode.c.objc; path = AppDelegate.m; sourceTree = "<group>"; };
		5FAFBCE2274A8FED007680C6 /* SceneDelegate.h */ = {isa = PBXFileReference; lastKnownFileType = sourcecode.c.h; path = SceneDelegate.h; sourceTree = "<group>"; };
		5FAFBCE3274A8FED007680C6 /* SceneDelegate.m */ = {isa = PBXFileReference; lastKnownFileType = sourcecode.c.objc; path = SceneDelegate.m; sourceTree = "<group>"; };
		5FAFBCE5274A8FED007680C6 /* ViewController.h */ = {isa = PBXFileReference; lastKnownFileType = sourcecode.c.h; path = ViewController.h; sourceTree = "<group>"; };
		5FAFBCE6274A8FED007680C6 /* ViewController.m */ = {isa = PBXFileReference; lastKnownFileType = sourcecode.c.objc; path = ViewController.m; sourceTree = "<group>"; };
		5FAFBCE9274A8FED007680C6 /* Base */ = {isa = PBXFileReference; lastKnownFileType = file.storyboard; name = Base; path = Base.lproj/Main.storyboard; sourceTree = "<group>"; };
		5FAFBCEB274A8FEE007680C6 /* Assets.xcassets */ = {isa = PBXFileReference; lastKnownFileType = folder.assetcatalog; path = Assets.xcassets; sourceTree = "<group>"; };
		5FAFBCEE274A8FEE007680C6 /* Base */ = {isa = PBXFileReference; lastKnownFileType = file.storyboard; name = Base; path = Base.lproj/LaunchScreen.storyboard; sourceTree = "<group>"; };
		5FAFBCF0274A8FEE007680C6 /* Info.plist */ = {isa = PBXFileReference; lastKnownFileType = text.plist.xml; path = Info.plist; sourceTree = "<group>"; };
		5FAFBCF1274A8FEE007680C6 /* main.m */ = {isa = PBXFileReference; lastKnownFileType = sourcecode.c.objc; path = main.m; sourceTree = "<group>"; };
		5FAFBCFA274A9020007680C6 /* WJIDCardViewController.m */ = {isa = PBXFileReference; fileEncoding = 4; lastKnownFileType = sourcecode.c.objc; path = WJIDCardViewController.m; sourceTree = "<group>"; };
		5FAFBCFB274A9020007680C6 /* WJCapture.m */ = {isa = PBXFileReference; fileEncoding = 4; lastKnownFileType = sourcecode.c.objc; path = WJCapture.m; sourceTree = "<group>"; };
		5FAFBCFC274A9020007680C6 /* WJIDInfo.m */ = {isa = PBXFileReference; fileEncoding = 4; lastKnownFileType = sourcecode.c.objc; path = WJIDInfo.m; sourceTree = "<group>"; };
		5FAFBCFD274A9020007680C6 /* WJBlastWaveCameraView.h */ = {isa = PBXFileReference; fileEncoding = 4; lastKnownFileType = sourcecode.c.h; path = WJBlastWaveCameraView.h; sourceTree = "<group>"; };
		5FAFBCFE274A9020007680C6 /* WJScanIDCardManager.m */ = {isa = PBXFileReference; fileEncoding = 4; lastKnownFileType = sourcecode.c.objc; path = WJScanIDCardManager.m; sourceTree = "<group>"; };
		5FAFBCFF274A9020007680C6 /* WJIDCardViewController.h */ = {isa = PBXFileReference; fileEncoding = 4; lastKnownFileType = sourcecode.c.h; path = WJIDCardViewController.h; sourceTree = "<group>"; };
		5FAFBD00274A9020007680C6 /* WJCapture.h */ = {isa = PBXFileReference; fileEncoding = 4; lastKnownFileType = sourcecode.c.h; path = WJCapture.h; sourceTree = "<group>"; };
		5FAFBD01274A9020007680C6 /* WJScanIDCardManager.h */ = {isa = PBXFileReference; fileEncoding = 4; lastKnownFileType = sourcecode.c.h; path = WJScanIDCardManager.h; sourceTree = "<group>"; };
		5FAFBD02274A9020007680C6 /* WJBlastWaveCameraView.m */ = {isa = PBXFileReference; fileEncoding = 4; lastKnownFileType = sourcecode.c.objc; path = WJBlastWaveCameraView.m; sourceTree = "<group>"; };
		5FAFBD03274A9020007680C6 /* WJIDInfo.h */ = {isa = PBXFileReference; fileEncoding = 4; lastKnownFileType = sourcecode.c.h; path = WJIDInfo.h; sourceTree = "<group>"; };
		5FAFBD06274A9020007680C6 /* libexidcardios.a */ = {isa = PBXFileReference; lastKnownFileType = archive.ar; path = libexidcardios.a; sourceTree = "<group>"; };
		5FAFBD07274A9020007680C6 /* zocr0.lib */ = {isa = PBXFileReference; lastKnownFileType = file; path = zocr0.lib; sourceTree = "<group>"; };
		5FAFBD08274A9020007680C6 /* commondef.h */ = {isa = PBXFileReference; fileEncoding = 4; lastKnownFileType = sourcecode.c.h; path = commondef.h; sourceTree = "<group>"; };
		5FAFBD09274A9020007680C6 /* excards.h */ = {isa = PBXFileReference; fileEncoding = 4; lastKnownFileType = sourcecode.c.h; path = excards.h; sourceTree = "<group>"; };
		5FAFBD12274A931F007680C6 /* UIImage+WJExtension.m */ = {isa = PBXFileReference; fileEncoding = 4; lastKnownFileType = sourcecode.c.objc; path = "UIImage+WJExtension.m"; sourceTree = "<group>"; };
		5FAFBD13274A931F007680C6 /* UIImage+WJExtension.h */ = {isa = PBXFileReference; fileEncoding = 4; lastKnownFileType = sourcecode.c.h; path = "UIImage+WJExtension.h"; sourceTree = "<group>"; };
/* End PBXFileReference section */

/* Begin PBXFrameworksBuildPhase section */
		5FAFBCD9274A8FED007680C6 /* Frameworks */ = {
			isa = PBXFrameworksBuildPhase;
			buildActionMask = 2147483647;
			files = (
				5FAFBD0F274A9020007680C6 /* libexidcardios.a in Frameworks */,
			);
			runOnlyForDeploymentPostprocessing = 0;
		};
/* End PBXFrameworksBuildPhase section */

/* Begin PBXGroup section */
		5FAFBCD3274A8FED007680C6 = {
			isa = PBXGroup;
			children = (
				5FAFBCDE274A8FED007680C6 /* IDCard */,
				5FAFBCDD274A8FED007680C6 /* Products */,
			);
			sourceTree = "<group>";
		};
		5FAFBCDD274A8FED007680C6 /* Products */ = {
			isa = PBXGroup;
			children = (
				5FAFBCDC274A8FED007680C6 /* IDCard.app */,
			);
			name = Products;
			sourceTree = "<group>";
		};
		5FAFBCDE274A8FED007680C6 /* IDCard */ = {
			isa = PBXGroup;
			children = (
				5FAFBCF8274A9020007680C6 /* FreeIDCardScan */,
				5FAFBCDF274A8FED007680C6 /* AppDelegate.h */,
				5FAFBCE0274A8FED007680C6 /* AppDelegate.m */,
				5FAFBCE2274A8FED007680C6 /* SceneDelegate.h */,
				5FAFBCE3274A8FED007680C6 /* SceneDelegate.m */,
				5FAFBCE5274A8FED007680C6 /* ViewController.h */,
				5FAFBCE6274A8FED007680C6 /* ViewController.m */,
				5FAFBCE8274A8FED007680C6 /* Main.storyboard */,
				5FAFBCEB274A8FEE007680C6 /* Assets.xcassets */,
				5FAFBCED274A8FEE007680C6 /* LaunchScreen.storyboard */,
				5FAFBCF0274A8FEE007680C6 /* Info.plist */,
				5FAFBCF1274A8FEE007680C6 /* main.m */,
			);
			path = IDCard;
			sourceTree = "<group>";
		};
		5FAFBCF8274A9020007680C6 /* FreeIDCardScan */ = {
			isa = PBXGroup;
			children = (
				5FAFBD11274A9306007680C6 /* Categorys */,
				5FAFBCF9274A9020007680C6 /* Classes */,
				5FAFBD04274A9020007680C6 /* libexidcard */,
			);
			path = FreeIDCardScan;
			sourceTree = "<group>";
		};
		5FAFBCF9274A9020007680C6 /* Classes */ = {
			isa = PBXGroup;
			children = (
				5FAFBCFD274A9020007680C6 /* WJBlastWaveCameraView.h */,
				5FAFBD02274A9020007680C6 /* WJBlastWaveCameraView.m */,
				5FAFBD00274A9020007680C6 /* WJCapture.h */,
				5FAFBCFB274A9020007680C6 /* WJCapture.m */,
				5FAFBCFF274A9020007680C6 /* WJIDCardViewController.h */,
				5FAFBCFA274A9020007680C6 /* WJIDCardViewController.m */,
				5FAFBD03274A9020007680C6 /* WJIDInfo.h */,
				5FAFBCFC274A9020007680C6 /* WJIDInfo.m */,
				5FAFBD01274A9020007680C6 /* WJScanIDCardManager.h */,
				5FAFBCFE274A9020007680C6 /* WJScanIDCardManager.m */,
			);
			path = Classes;
			sourceTree = "<group>";
		};
		5FAFBD04274A9020007680C6 /* libexidcard */ = {
			isa = PBXGroup;
			children = (
				5FAFBD05274A9020007680C6 /* dicts */,
				5FAFBD08274A9020007680C6 /* commondef.h */,
				5FAFBD09274A9020007680C6 /* excards.h */,
			);
			path = libexidcard;
			sourceTree = "<group>";
		};
		5FAFBD05274A9020007680C6 /* dicts */ = {
			isa = PBXGroup;
			children = (
				5FAFBD06274A9020007680C6 /* libexidcardios.a */,
				5FAFBD07274A9020007680C6 /* zocr0.lib */,
			);
			path = dicts;
			sourceTree = "<group>";
		};
		5FAFBD11274A9306007680C6 /* Categorys */ = {
			isa = PBXGroup;
			children = (
				5FAFBD13274A931F007680C6 /* UIImage+WJExtension.h */,
				5FAFBD12274A931F007680C6 /* UIImage+WJExtension.m */,
			);
			path = Categorys;
			sourceTree = "<group>";
		};
/* End PBXGroup section */

/* Begin PBXNativeTarget section */
		5FAFBCDB274A8FED007680C6 /* IDCard */ = {
			isa = PBXNativeTarget;
			buildConfigurationList = 5FAFBCF5274A8FEE007680C6 /* Build configuration list for PBXNativeTarget "IDCard" */;
			buildPhases = (
				5FAFBCD8274A8FED007680C6 /* Sources */,
				5FAFBCD9274A8FED007680C6 /* Frameworks */,
				5FAFBCDA274A8FED007680C6 /* Resources */,
			);
			buildRules = (
			);
			dependencies = (
			);
			name = IDCard;
			productName = IDCard;
			productReference = 5FAFBCDC274A8FED007680C6 /* IDCard.app */;
			productType = "com.apple.product-type.application";
		};
/* End PBXNativeTarget section */

/* Begin PBXProject section */
		5FAFBCD4274A8FED007680C6 /* Project object */ = {
			isa = PBXProject;
			attributes = {
				BuildIndependentTargetsInParallel = 1;
				LastUpgradeCheck = 1300;
				TargetAttributes = {
					5FAFBCDB274A8FED007680C6 = {
						CreatedOnToolsVersion = 13.0;
					};
				};
			};
			buildConfigurationList = 5FAFBCD7274A8FED007680C6 /* Build configuration list for PBXProject "IDCard" */;
			compatibilityVersion = "Xcode 13.0";
			developmentRegion = en;
			hasScannedForEncodings = 0;
			knownRegions = (
				en,
				Base,
			);
			mainGroup = 5FAFBCD3274A8FED007680C6;
			productRefGroup = 5FAFBCDD274A8FED007680C6 /* Products */;
			projectDirPath = "";
			projectRoot = "";
			targets = (
				5FAFBCDB274A8FED007680C6 /* IDCard */,
			);
		};
/* End PBXProject section */

/* Begin PBXResourcesBuildPhase section */
		5FAFBCDA274A8FED007680C6 /* Resources */ = {
			isa = PBXResourcesBuildPhase;
			buildActionMask = 2147483647;
			files = (
				5FCA14AA2989718F00EADFD3 /* zocr0.lib in Resources */,
				5FAFBCEF274A8FEE007680C6 /* LaunchScreen.storyboard in Resources */,
				5FAFBCEC274A8FEE007680C6 /* Assets.xcassets in Resources */,
				5FAFBCEA274A8FED007680C6 /* Main.storyboard in Resources */,
			);
			runOnlyForDeploymentPostprocessing = 0;
		};
/* End PBXResourcesBuildPhase section */

/* Begin PBXSourcesBuildPhase section */
		5FAFBCD8274A8FED007680C6 /* Sources */ = {
			isa = PBXSourcesBuildPhase;
			buildActionMask = 2147483647;
			files = (
				5FAFBD0C274A9020007680C6 /* WJIDInfo.m in Sources */,
				5FAFBCE7274A8FED007680C6 /* ViewController.m in Sources */,
				5FAFBCE1274A8FED007680C6 /* AppDelegate.m in Sources */,
				5FAFBCF2274A8FEE007680C6 /* main.m in Sources */,
				5FAFBD0E274A9020007680C6 /* WJBlastWaveCameraView.m in Sources */,
				5FAFBD16274A931F007680C6 /* UIImage+WJExtension.m in Sources */,
				5FAFBCE4274A8FED007680C6 /* SceneDelegate.m in Sources */,
				5FAFBD0D274A9020007680C6 /* WJScanIDCardManager.m in Sources */,
				5FAFBD0B274A9020007680C6 /* WJCapture.m in Sources */,
				5FAFBD0A274A9020007680C6 /* WJIDCardViewController.m in Sources */,
			);
			runOnlyForDeploymentPostprocessing = 0;
		};
/* End PBXSourcesBuildPhase section */

/* Begin PBXVariantGroup section */
		5FAFBCE8274A8FED007680C6 /* Main.storyboard */ = {
			isa = PBXVariantGroup;
			children = (
				5FAFBCE9274A8FED007680C6 /* Base */,
			);
			name = Main.storyboard;
			sourceTree = "<group>";
		};
		5FAFBCED274A8FEE007680C6 /* LaunchScreen.storyboard */ = {
			isa = PBXVariantGroup;
			children = (
				5FAFBCEE274A8FEE007680C6 /* Base */,
			);
			name = LaunchScreen.storyboard;
			sourceTree = "<group>";
		};
/* End PBXVariantGroup section */

/* Begin XCBuildConfiguration section */
		5FAFBCF3274A8FEE007680C6 /* Debug */ = {
			isa = XCBuildConfiguration;
			buildSettings = {
				ALWAYS_SEARCH_USER_PATHS = NO;
				CLANG_ANALYZER_NONNULL = YES;
				CLANG_ANALYZER_NUMBER_OBJECT_CONVERSION = YES_AGGRESSIVE;
				CLANG_CXX_LANGUAGE_STANDARD = "gnu++17";
				CLANG_CXX_LIBRARY = "libc++";
				CLANG_ENABLE_MODULES = YES;
				CLANG_ENABLE_OBJC_ARC = YES;
				CLANG_ENABLE_OBJC_WEAK = YES;
				CLANG_WARN_BLOCK_CAPTURE_AUTORELEASING = YES;
				CLANG_WARN_BOOL_CONVERSION = YES;
				CLANG_WARN_COMMA = YES;
				CLANG_WARN_CONSTANT_CONVERSION = YES;
				CLANG_WARN_DEPRECATED_OBJC_IMPLEMENTATIONS = YES;
				CLANG_WARN_DIRECT_OBJC_ISA_USAGE = YES_ERROR;
				CLANG_WARN_DOCUMENTATION_COMMENTS = YES;
				CLANG_WARN_EMPTY_BODY = YES;
				CLANG_WARN_ENUM_CONVERSION = YES;
				CLANG_WARN_INFINITE_RECURSION = YES;
				CLANG_WARN_INT_CONVERSION = YES;
				CLANG_WARN_NON_LITERAL_NULL_CONVERSION = YES;
				CLANG_WARN_OBJC_IMPLICIT_RETAIN_SELF = YES;
				CLANG_WARN_OBJC_LITERAL_CONVERSION = YES;
				CLANG_WARN_OBJC_ROOT_CLASS = YES_ERROR;
				CLANG_WARN_QUOTED_INCLUDE_IN_FRAMEWORK_HEADER = YES;
				CLANG_WARN_RANGE_LOOP_ANALYSIS = YES;
				CLANG_WARN_STRICT_PROTOTYPES = YES;
				CLANG_WARN_SUSPICIOUS_MOVE = YES;
				CLANG_WARN_UNGUARDED_AVAILABILITY = YES_AGGRESSIVE;
				CLANG_WARN_UNREACHABLE_CODE = YES;
				CLANG_WARN__DUPLICATE_METHOD_MATCH = YES;
				COPY_PHASE_STRIP = NO;
				DEBUG_INFORMATION_FORMAT = dwarf;
				ENABLE_STRICT_OBJC_MSGSEND = YES;
				ENABLE_TESTABILITY = YES;
				GCC_C_LANGUAGE_STANDARD = gnu11;
				GCC_DYNAMIC_NO_PIC = NO;
				GCC_NO_COMMON_BLOCKS = YES;
				GCC_OPTIMIZATION_LEVEL = 0;
				GCC_PREPROCESSOR_DEFINITIONS = (
					"DEBUG=1",
					"$(inherited)",
				);
				GCC_WARN_64_TO_32_BIT_CONVERSION = YES;
				GCC_WARN_ABOUT_RETURN_TYPE = YES_ERROR;
				GCC_WARN_UNDECLARED_SELECTOR = YES;
				GCC_WARN_UNINITIALIZED_AUTOS = YES_AGGRESSIVE;
				GCC_WARN_UNUSED_FUNCTION = YES;
				GCC_WARN_UNUSED_VARIABLE = YES;
				IPHONEOS_DEPLOYMENT_TARGET = 15.0;
				MTL_ENABLE_DEBUG_INFO = INCLUDE_SOURCE;
				MTL_FAST_MATH = YES;
				ONLY_ACTIVE_ARCH = YES;
				SDKROOT = iphoneos;
			};
			name = Debug;
		};
		5FAFBCF4274A8FEE007680C6 /* Release */ = {
			isa = XCBuildConfiguration;
			buildSettings = {
				ALWAYS_SEARCH_USER_PATHS = NO;
				CLANG_ANALYZER_NONNULL = YES;
				CLANG_ANALYZER_NUMBER_OBJECT_CONVERSION = YES_AGGRESSIVE;
				CLANG_CXX_LANGUAGE_STANDARD = "gnu++17";
				CLANG_CXX_LIBRARY = "libc++";
				CLANG_ENABLE_MODULES = YES;
				CLANG_ENABLE_OBJC_ARC = YES;
				CLANG_ENABLE_OBJC_WEAK = YES;
				CLANG_WARN_BLOCK_CAPTURE_AUTORELEASING = YES;
				CLANG_WARN_BOOL_CONVERSION = YES;
				CLANG_WARN_COMMA = YES;
				CLANG_WARN_CONSTANT_CONVERSION = YES;
				CLANG_WARN_DEPRECATED_OBJC_IMPLEMENTATIONS = YES;
				CLANG_WARN_DIRECT_OBJC_ISA_USAGE = YES_ERROR;
				CLANG_WARN_DOCUMENTATION_COMMENTS = YES;
				CLANG_WARN_EMPTY_BODY = YES;
				CLANG_WARN_ENUM_CONVERSION = YES;
				CLANG_WARN_INFINITE_RECURSION = YES;
				CLANG_WARN_INT_CONVERSION = YES;
				CLANG_WARN_NON_LITERAL_NULL_CONVERSION = YES;
				CLANG_WARN_OBJC_IMPLICIT_RETAIN_SELF = YES;
				CLANG_WARN_OBJC_LITERAL_CONVERSION = YES;
				CLANG_WARN_OBJC_ROOT_CLASS = YES_ERROR;
				CLANG_WARN_QUOTED_INCLUDE_IN_FRAMEWORK_HEADER = YES;
				CLANG_WARN_RANGE_LOOP_ANALYSIS = YES;
				CLANG_WARN_STRICT_PROTOTYPES = YES;
				CLANG_WARN_SUSPICIOUS_MOVE = YES;
				CLANG_WARN_UNGUARDED_AVAILABILITY = YES_AGGRESSIVE;
				CLANG_WARN_UNREACHABLE_CODE = YES;
				CLANG_WARN__DUPLICATE_METHOD_MATCH = YES;
				COPY_PHASE_STRIP = NO;
				DEBUG_INFORMATION_FORMAT = "dwarf-with-dsym";
				ENABLE_NS_ASSERTIONS = NO;
				ENABLE_STRICT_OBJC_MSGSEND = YES;
				GCC_C_LANGUAGE_STANDARD = gnu11;
				GCC_NO_COMMON_BLOCKS = YES;
				GCC_WARN_64_TO_32_BIT_CONVERSION = YES;
				GCC_WARN_ABOUT_RETURN_TYPE = YES_ERROR;
				GCC_WARN_UNDECLARED_SELECTOR = YES;
				GCC_WARN_UNINITIALIZED_AUTOS = YES_AGGRESSIVE;
				GCC_WARN_UNUSED_FUNCTION = YES;
				GCC_WARN_UNUSED_VARIABLE = YES;
				IPHONEOS_DEPLOYMENT_TARGET = 15.0;
				MTL_ENABLE_DEBUG_INFO = NO;
				MTL_FAST_MATH = YES;
				SDKROOT = iphoneos;
				VALIDATE_PRODUCT = YES;
			};
			name = Release;
		};
		5FAFBCF6274A8FEE007680C6 /* Debug */ = {
			isa = XCBuildConfiguration;
			buildSettings = {
				ASSETCATALOG_COMPILER_APPICON_NAME = AppIcon;
				ASSETCATALOG_COMPILER_GLOBAL_ACCENT_COLOR_NAME = AccentColor;
				CODE_SIGN_STYLE = Automatic;
				CURRENT_PROJECT_VERSION = 1;
				DEVELOPMENT_TEAM = JJA4BUEX79;
				ENABLE_BITCODE = NO;
				GENERATE_INFOPLIST_FILE = YES;
				INFOPLIST_FILE = IDCard/Info.plist;
				INFOPLIST_KEY_CFBundleDisplayName = "扫描身份证";
				INFOPLIST_KEY_UIApplicationSupportsIndirectInputEvents = YES;
				INFOPLIST_KEY_UILaunchStoryboardName = LaunchScreen;
				INFOPLIST_KEY_UIMainStoryboardFile = Main;
				INFOPLIST_KEY_UISupportedInterfaceOrientations_iPad = "UIInterfaceOrientationPortrait UIInterfaceOrientationPortraitUpsideDown UIInterfaceOrientationLandscapeLeft UIInterfaceOrientationLandscapeRight";
				INFOPLIST_KEY_UISupportedInterfaceOrientations_iPhone = "UIInterfaceOrientationPortrait UIInterfaceOrientationLandscapeLeft UIInterfaceOrientationLandscapeRight";
				IPHONEOS_DEPLOYMENT_TARGET = 15.0;
				LD_RUNPATH_SEARCH_PATHS = (
					"$(inherited)",
					"@executable_path/Frameworks",
				);
				LIBRARY_SEARCH_PATHS = (
					"$(inherited)",
					"$(PROJECT_DIR)/IDCard/FreeIDCardScan/libexidcard/dicts",
				);
				MARKETING_VERSION = 1.0;
				PRODUCT_BUNDLE_IDENTIFIER = com.loyalwind.IDCard;
				PRODUCT_NAME = "$(TARGET_NAME)";
				SWIFT_EMIT_LOC_STRINGS = YES;
				TARGETED_DEVICE_FAMILY = "1,2";
			};
			name = Debug;
		};
		5FAFBCF7274A8FEE007680C6 /* Release */ = {
			isa = XCBuildConfiguration;
			buildSettings = {
				ASSETCATALOG_COMPILER_APPICON_NAME = AppIcon;
				ASSETCATALOG_COMPILER_GLOBAL_ACCENT_COLOR_NAME = AccentColor;
				CODE_SIGN_STYLE = Automatic;
				CURRENT_PROJECT_VERSION = 1;
				DEVELOPMENT_TEAM = JJA4BUEX79;
				ENABLE_BITCODE = NO;
				GENERATE_INFOPLIST_FILE = YES;
				INFOPLIST_FILE = IDCard/Info.plist;
				INFOPLIST_KEY_CFBundleDisplayName = "扫描身份证";
				INFOPLIST_KEY_UIApplicationSupportsIndirectInputEvents = YES;
				INFOPLIST_KEY_UILaunchStoryboardName = LaunchScreen;
				INFOPLIST_KEY_UIMainStoryboardFile = Main;
				INFOPLIST_KEY_UISupportedInterfaceOrientations_iPad = "UIInterfaceOrientationPortrait UIInterfaceOrientationPortraitUpsideDown UIInterfaceOrientationLandscapeLeft UIInterfaceOrientationLandscapeRight";
				INFOPLIST_KEY_UISupportedInterfaceOrientations_iPhone = "UIInterfaceOrientationPortrait UIInterfaceOrientationLandscapeLeft UIInterfaceOrientationLandscapeRight";
				IPHONEOS_DEPLOYMENT_TARGET = 15.0;
				LD_RUNPATH_SEARCH_PATHS = (
					"$(inherited)",
					"@executable_path/Frameworks",
				);
				LIBRARY_SEARCH_PATHS = (
					"$(inherited)",
					"$(PROJECT_DIR)/IDCard/FreeIDCardScan/libexidcard/dicts",
				);
				MARKETING_VERSION = 1.0;
				PRODUCT_BUNDLE_IDENTIFIER = com.loyalwind.IDCard;
				PRODUCT_NAME = "$(TARGET_NAME)";
				SWIFT_EMIT_LOC_STRINGS = YES;
				TARGETED_DEVICE_FAMILY = "1,2";
			};
			name = Release;
		};
/* End XCBuildConfiguration section */

/* Begin XCConfigurationList section */
		5FAFBCD7274A8FED007680C6 /* Build configuration list for PBXProject "IDCard" */ = {
			isa = XCConfigurationList;
			buildConfigurations = (
				5FAFBCF3274A8FEE007680C6 /* Debug */,
				5FAFBCF4274A8FEE007680C6 /* Release */,
			);
			defaultConfigurationIsVisible = 0;
			defaultConfigurationName = Release;
		};
		5FAFBCF5274A8FEE007680C6 /* Build configuration list for PBXNativeTarget "IDCard" */ = {
			isa = XCConfigurationList;
			buildConfigurations = (
				5FAFBCF6274A8FEE007680C6 /* Debug */,
				5FAFBCF7274A8FEE007680C6 /* Release */,
			);
			defaultConfigurationIsVisible = 0;
			defaultConfigurationName = Release;
		};
/* End XCConfigurationList section */
	};
	rootObject = 5FAFBCD4274A8FED007680C6 /* Project object */;
}
